// !$*UTF8*$!
{
	archiveVersion = 1;
	classes = {
	};
	objectVersion = 56;
	objects = {

/* Begin PBXBuildFile section */
		781F7481291E73D900A0714A /* Trip_JournalUITests.swift in Sources */ = {isa = PBXBuildFile; fileRef = 781F7480291E73D900A0714A /* Trip_JournalUITests.swift */; };
		781F7483291E73D900A0714A /* Trip_JournalUITestsLaunchTests.swift in Sources */ = {isa = PBXBuildFile; fileRef = 781F7482291E73D900A0714A /* Trip_JournalUITestsLaunchTests.swift */; };
		781F749D29203B5000A0714A /* SearchResultMapView.swift in Sources */ = {isa = PBXBuildFile; fileRef = 781F749C29203B5000A0714A /* SearchResultMapView.swift */; };
		781F74A129203F7E00A0714A /* AnnotationItem.swift in Sources */ = {isa = PBXBuildFile; fileRef = 781F74A029203F7E00A0714A /* AnnotationItem.swift */; };
		781F74A329222BA800A0714A /* MKMapItem-Identifiable.swift in Sources */ = {isa = PBXBuildFile; fileRef = 781F74A229222BA800A0714A /* MKMapItem-Identifiable.swift */; };
		781F74A52922312C00A0714A /* SearchResultCellView.swift in Sources */ = {isa = PBXBuildFile; fileRef = 781F74A42922312C00A0714A /* SearchResultCellView.swift */; };
		781F74A72922D89500A0714A /* StepAnnotationView.swift in Sources */ = {isa = PBXBuildFile; fileRef = 781F74A62922D89500A0714A /* StepAnnotationView.swift */; };
		781F74A929238A5C00A0714A /* TimelineView.swift in Sources */ = {isa = PBXBuildFile; fileRef = 781F74A829238A5C00A0714A /* TimelineView.swift */; };
		781F74AB2923935800A0714A /* TimelineViewModel.swift in Sources */ = {isa = PBXBuildFile; fileRef = 781F74AA2923935800A0714A /* TimelineViewModel.swift */; };
		781F74AD2924433000A0714A /* CalendarRange.swift in Sources */ = {isa = PBXBuildFile; fileRef = 781F74AC2924433000A0714A /* CalendarRange.swift */; };
		781F74B22924DF1800A0714A /* DataController.swift in Sources */ = {isa = PBXBuildFile; fileRef = 781F74B12924DF1800A0714A /* DataController.swift */; };
		781FFB792915567600605DAE /* TestFileManagerExtension.swift in Sources */ = {isa = PBXBuildFile; fileRef = 781FFB782915567600605DAE /* TestFileManagerExtension.swift */; };
		781FFB9E2919912600605DAE /* AddStepView.swift in Sources */ = {isa = PBXBuildFile; fileRef = 781FFB9D2919912600605DAE /* AddStepView.swift */; };
		78373262295E37BD006BD23F /* TripTitleCard.swift in Sources */ = {isa = PBXBuildFile; fileRef = 78373261295E37BD006BD23F /* TripTitleCard.swift */; };
		78373264295E37DE006BD23F /* TripTitleCardOverlay.swift in Sources */ = {isa = PBXBuildFile; fileRef = 78373263295E37DE006BD23F /* TripTitleCardOverlay.swift */; };
		78373266295F2871006BD23F /* TripMap.swift in Sources */ = {isa = PBXBuildFile; fileRef = 78373265295F2871006BD23F /* TripMap.swift */; };
		785AA0CC2927C8F900F598AE /* Trip-CoreDataHelper.swift in Sources */ = {isa = PBXBuildFile; fileRef = 785AA0CB2927C8F900F598AE /* Trip-CoreDataHelper.swift */; };
		785AA0CE2927D45700F598AE /* TripsView.swift in Sources */ = {isa = PBXBuildFile; fileRef = 785AA0CD2927D45700F598AE /* TripsView.swift */; };
		785AA0D02927D9BC00F598AE /* AddTripView.swift in Sources */ = {isa = PBXBuildFile; fileRef = 785AA0CF2927D9BC00F598AE /* AddTripView.swift */; };
		785AA0D7292971D100F598AE /* LocationManager.swift in Sources */ = {isa = PBXBuildFile; fileRef = 785AA0D6292971D100F598AE /* LocationManager.swift */; };
		785B8B7D294F528A00C505A0 /* View-CustomModifiers.swift in Sources */ = {isa = PBXBuildFile; fileRef = 785B8B7C294F528A00C505A0 /* View-CustomModifiers.swift */; };
		787855C129129AC700D1F199 /* Trip_JournalApp.swift in Sources */ = {isa = PBXBuildFile; fileRef = 787855C029129AC700D1F199 /* Trip_JournalApp.swift */; };
		787855C329129AC700D1F199 /* ContentView.swift in Sources */ = {isa = PBXBuildFile; fileRef = 787855C229129AC700D1F199 /* ContentView.swift */; };
		787855C529129AC800D1F199 /* Assets.xcassets in Resources */ = {isa = PBXBuildFile; fileRef = 787855C429129AC800D1F199 /* Assets.xcassets */; };
		787855C929129AC800D1F199 /* Preview Assets.xcassets in Resources */ = {isa = PBXBuildFile; fileRef = 787855C829129AC800D1F199 /* Preview Assets.xcassets */; };
		787855D029129BCC00D1F199 /* FileManager-DocumentsDirectory.swift in Sources */ = {isa = PBXBuildFile; fileRef = 787855CF29129BCC00D1F199 /* FileManager-DocumentsDirectory.swift */; };
		787855D529129E8100D1F199 /* Step-CoreDataHelpers.swift in Sources */ = {isa = PBXBuildFile; fileRef = 787855D429129E8100D1F199 /* Step-CoreDataHelpers.swift */; };
		787855E229130C6F00D1F199 /* TestTripView.swift in Sources */ = {isa = PBXBuildFile; fileRef = 787855E129130C6F00D1F199 /* TestTripView.swift */; };
		787855E9291449D700D1F199 /* MapView.swift in Sources */ = {isa = PBXBuildFile; fileRef = 787855E8291449D700D1F199 /* MapView.swift */; };
		787B3FF029539FFF00B95DE6 /* EditLocationView.swift in Sources */ = {isa = PBXBuildFile; fileRef = 787B3FEF29539FFF00B95DE6 /* EditLocationView.swift */; };
		787B3FF22955C1B800B95DE6 /* CircleAnnotation.swift in Sources */ = {isa = PBXBuildFile; fileRef = 787B3FF12955C1B800B95DE6 /* CircleAnnotation.swift */; };
		787B3FF62955D07000B95DE6 /* StepAnnotation.swift in Sources */ = {isa = PBXBuildFile; fileRef = 787B3FF52955D07000B95DE6 /* StepAnnotation.swift */; };
		7886B8D42926CC3900E2EC22 /* Main.xcdatamodeld in Sources */ = {isa = PBXBuildFile; fileRef = 7886B8D22926CC3900E2EC22 /* Main.xcdatamodeld */; };
		789B15C1295B11B900031CC9 /* DebugView.swift in Sources */ = {isa = PBXBuildFile; fileRef = 789B15C0295B11B900031CC9 /* DebugView.swift */; };
		789B15C3295CD5DA00031CC9 /* EventLog-CoreDataHelpers.swift in Sources */ = {isa = PBXBuildFile; fileRef = 789B15C2295CD5DA00031CC9 /* EventLog-CoreDataHelpers.swift */; };
		789B15C5295CE20400031CC9 /* LocationsView.swift in Sources */ = {isa = PBXBuildFile; fileRef = 789B15C4295CE20400031CC9 /* LocationsView.swift */; };
		789B15C7295CF0E600031CC9 /* Visit-CoreDataHelpers.swift in Sources */ = {isa = PBXBuildFile; fileRef = 789B15C6295CF0E600031CC9 /* Visit-CoreDataHelpers.swift */; };
		789B15C9295CF3AB00031CC9 /* VisitsView.swift in Sources */ = {isa = PBXBuildFile; fileRef = 789B15C8295CF3AB00031CC9 /* VisitsView.swift */; };
		78AD9610295055290010F4A7 /* TripCard.swift in Sources */ = {isa = PBXBuildFile; fileRef = 78AD960F295055290010F4A7 /* TripCard.swift */; };
		78AD9612295056CA0010F4A7 /* UnwrappedImage.swift in Sources */ = {isa = PBXBuildFile; fileRef = 78AD9611295056CA0010F4A7 /* UnwrappedImage.swift */; };
		78AD96162951011A0010F4A7 /* TripCardOverlay.swift in Sources */ = {isa = PBXBuildFile; fileRef = 78AD96152951011A0010F4A7 /* TripCardOverlay.swift */; };
		78AD9618295103B90010F4A7 /* StepCard.swift in Sources */ = {isa = PBXBuildFile; fileRef = 78AD9617295103B90010F4A7 /* StepCard.swift */; };
		78AD961A295103FD0010F4A7 /* StepCardOverlay.swift in Sources */ = {isa = PBXBuildFile; fileRef = 78AD9619295103FD0010F4A7 /* StepCardOverlay.swift */; };
		78AD961C2952FD820010F4A7 /* Location-CoreDataHelpers.swift in Sources */ = {isa = PBXBuildFile; fileRef = 78AD961B2952FD820010F4A7 /* Location-CoreDataHelpers.swift */; };
		78CE47B32938BF60008CEDD6 /* StepView.swift in Sources */ = {isa = PBXBuildFile; fileRef = 78CE47B22938BF60008CEDD6 /* StepView.swift */; };
		78CE47B52938C420008CEDD6 /* Binding-OnChange.swift in Sources */ = {isa = PBXBuildFile; fileRef = 78CE47B42938C420008CEDD6 /* Binding-OnChange.swift */; };
		78CE47B92938E1E6008CEDD6 /* PhotoPicker.swift in Sources */ = {isa = PBXBuildFile; fileRef = 78CE47B82938E1E6008CEDD6 /* PhotoPicker.swift */; };
		78CE47BB2938EA6F008CEDD6 /* Photo-CoreDataHelpers.swift in Sources */ = {isa = PBXBuildFile; fileRef = 78CE47BA2938EA6F008CEDD6 /* Photo-CoreDataHelpers.swift */; };
		78CE47DA293A85F4008CEDD6 /* SearchQuery.swift in Sources */ = {isa = PBXBuildFile; fileRef = 78CE47D9293A85F4008CEDD6 /* SearchQuery.swift */; };
		78CE47DC293D37CB008CEDD6 /* PhotoLibraryService.swift in Sources */ = {isa = PBXBuildFile; fileRef = 78CE47DB293D37CB008CEDD6 /* PhotoLibraryService.swift */; };
		78D89232292B96E80013E9FE /* PlacemarksListView.swift in Sources */ = {isa = PBXBuildFile; fileRef = 78D89231292B96E80013E9FE /* PlacemarksListView.swift */; };
		78D89234292B97B30013E9FE /* CLPlacemark-Identifiable.swift in Sources */ = {isa = PBXBuildFile; fileRef = 78D89233292B97B30013E9FE /* CLPlacemark-Identifiable.swift */; };
		78D89236292BC4B70013E9FE /* PlacemarkHelper.swift in Sources */ = {isa = PBXBuildFile; fileRef = 78D89235292BC4B70013E9FE /* PlacemarkHelper.swift */; };
		78D8923A292BCE240013E9FE /* Array-RemoveDuplicates.swift in Sources */ = {isa = PBXBuildFile; fileRef = 78D89239292BCE240013E9FE /* Array-RemoveDuplicates.swift */; };
		78D89240292CC5A60013E9FE /* FeatureAnnotationCardView.swift in Sources */ = {isa = PBXBuildFile; fileRef = 78D8923F292CC5A60013E9FE /* FeatureAnnotationCardView.swift */; };
		78D89244292D65350013E9FE /* MKPointOfInterestCategory-Symbols.swift in Sources */ = {isa = PBXBuildFile; fileRef = 78D89243292D65350013E9FE /* MKPointOfInterestCategory-Symbols.swift */; };
		78D89246292EBAF00013E9FE /* TestAddStepView.swift in Sources */ = {isa = PBXBuildFile; fileRef = 78D89245292EBAF00013E9FE /* TestAddStepView.swift */; };
		78D89248292EBB640013E9FE /* AddressBuilder.swift in Sources */ = {isa = PBXBuildFile; fileRef = 78D89247292EBB640013E9FE /* AddressBuilder.swift */; };
		78D8924A292FF7C80013E9FE /* TestTripsView.swift in Sources */ = {isa = PBXBuildFile; fileRef = 78D89249292FF7C80013E9FE /* TestTripsView.swift */; };
		78D892522930DF5D0013E9FE /* PlacemarksListViewModel.swift in Sources */ = {isa = PBXBuildFile; fileRef = 78D892512930DF5D0013E9FE /* PlacemarksListViewModel.swift */; };
		78D8926C293113250013E9FE /* BaseTestCase.swift in Sources */ = {isa = PBXBuildFile; fileRef = 78D8926B293113250013E9FE /* BaseTestCase.swift */; };
		78D8926E29311A0A0013E9FE /* TestAddTripView.swift in Sources */ = {isa = PBXBuildFile; fileRef = 78D8926D29311A0A0013E9FE /* TestAddTripView.swift */; };
		78D89275293173710013E9FE /* SearchResultCellViewModel.swift in Sources */ = {isa = PBXBuildFile; fileRef = 78D89274293173710013E9FE /* SearchResultCellViewModel.swift */; };
		78D8927729329E9D0013E9FE /* SearchResultMapViewModel.swift in Sources */ = {isa = PBXBuildFile; fileRef = 78D8927629329E9D0013E9FE /* SearchResultMapViewModel.swift */; };
		78E1D2CB293FB02F00FD6AAF /* PhotoGridView.swift in Sources */ = {isa = PBXBuildFile; fileRef = 78E1D2CA293FB02F00FD6AAF /* PhotoGridView.swift */; };
		78E1D2CE293FE12700FD6AAF /* JournalImage.swift in Sources */ = {isa = PBXBuildFile; fileRef = 78E1D2CD293FE12700FD6AAF /* JournalImage.swift */; };
		78E1D2D2294135C700FD6AAF /* PhotoView.swift in Sources */ = {isa = PBXBuildFile; fileRef = 78E1D2D1294135C700FD6AAF /* PhotoView.swift */; };
		78E1D2F929452E3800FD6AAF /* TripView.swift in Sources */ = {isa = PBXBuildFile; fileRef = 78E1D2F829452E3800FD6AAF /* TripView.swift */; };
/* End PBXBuildFile section */

/* Begin PBXContainerItemProxy section */
		781F7484291E73D900A0714A /* PBXContainerItemProxy */ = {
			isa = PBXContainerItemProxy;
			containerPortal = 787855B529129AC700D1F199 /* Project object */;
			proxyType = 1;
			remoteGlobalIDString = 787855BC29129AC700D1F199;
			remoteInfo = "Trip Journal";
		};
		787855E329130C6F00D1F199 /* PBXContainerItemProxy */ = {
			isa = PBXContainerItemProxy;
			containerPortal = 787855B529129AC700D1F199 /* Project object */;
			proxyType = 1;
			remoteGlobalIDString = 787855BC29129AC700D1F199;
			remoteInfo = "Trip Journal";
		};
/* End PBXContainerItemProxy section */

/* Begin PBXFileReference section */
		781F747E291E73D900A0714A /* Trip JournalUITests.xctest */ = {isa = PBXFileReference; explicitFileType = wrapper.cfbundle; includeInIndex = 0; path = "Trip JournalUITests.xctest"; sourceTree = BUILT_PRODUCTS_DIR; };
		781F7480291E73D900A0714A /* Trip_JournalUITests.swift */ = {isa = PBXFileReference; lastKnownFileType = sourcecode.swift; path = Trip_JournalUITests.swift; sourceTree = "<group>"; };
		781F7482291E73D900A0714A /* Trip_JournalUITestsLaunchTests.swift */ = {isa = PBXFileReference; lastKnownFileType = sourcecode.swift; path = Trip_JournalUITestsLaunchTests.swift; sourceTree = "<group>"; };
		781F749C29203B5000A0714A /* SearchResultMapView.swift */ = {isa = PBXFileReference; lastKnownFileType = sourcecode.swift; path = SearchResultMapView.swift; sourceTree = "<group>"; };
		781F74A029203F7E00A0714A /* AnnotationItem.swift */ = {isa = PBXFileReference; lastKnownFileType = sourcecode.swift; path = AnnotationItem.swift; sourceTree = "<group>"; };
		781F74A229222BA800A0714A /* MKMapItem-Identifiable.swift */ = {isa = PBXFileReference; lastKnownFileType = sourcecode.swift; path = "MKMapItem-Identifiable.swift"; sourceTree = "<group>"; };
		781F74A42922312C00A0714A /* SearchResultCellView.swift */ = {isa = PBXFileReference; lastKnownFileType = sourcecode.swift; path = SearchResultCellView.swift; sourceTree = "<group>"; };
		781F74A62922D89500A0714A /* StepAnnotationView.swift */ = {isa = PBXFileReference; lastKnownFileType = sourcecode.swift; path = StepAnnotationView.swift; sourceTree = "<group>"; };
		781F74A829238A5C00A0714A /* TimelineView.swift */ = {isa = PBXFileReference; lastKnownFileType = sourcecode.swift; path = TimelineView.swift; sourceTree = "<group>"; };
		781F74AA2923935800A0714A /* TimelineViewModel.swift */ = {isa = PBXFileReference; lastKnownFileType = sourcecode.swift; path = TimelineViewModel.swift; sourceTree = "<group>"; };
		781F74AC2924433000A0714A /* CalendarRange.swift */ = {isa = PBXFileReference; lastKnownFileType = sourcecode.swift; path = CalendarRange.swift; sourceTree = "<group>"; };
		781F74B12924DF1800A0714A /* DataController.swift */ = {isa = PBXFileReference; lastKnownFileType = sourcecode.swift; path = DataController.swift; sourceTree = "<group>"; };
		781FFB782915567600605DAE /* TestFileManagerExtension.swift */ = {isa = PBXFileReference; lastKnownFileType = sourcecode.swift; path = TestFileManagerExtension.swift; sourceTree = "<group>"; };
		781FFB9D2919912600605DAE /* AddStepView.swift */ = {isa = PBXFileReference; lastKnownFileType = sourcecode.swift; path = AddStepView.swift; sourceTree = "<group>"; };
		78373261295E37BD006BD23F /* TripTitleCard.swift */ = {isa = PBXFileReference; lastKnownFileType = sourcecode.swift; path = TripTitleCard.swift; sourceTree = "<group>"; };
		78373263295E37DE006BD23F /* TripTitleCardOverlay.swift */ = {isa = PBXFileReference; lastKnownFileType = sourcecode.swift; path = TripTitleCardOverlay.swift; sourceTree = "<group>"; };
		78373265295F2871006BD23F /* TripMap.swift */ = {isa = PBXFileReference; lastKnownFileType = sourcecode.swift; path = TripMap.swift; sourceTree = "<group>"; };
		785AA0CB2927C8F900F598AE /* Trip-CoreDataHelper.swift */ = {isa = PBXFileReference; lastKnownFileType = sourcecode.swift; path = "Trip-CoreDataHelper.swift"; sourceTree = "<group>"; };
		785AA0CD2927D45700F598AE /* TripsView.swift */ = {isa = PBXFileReference; lastKnownFileType = sourcecode.swift; path = TripsView.swift; sourceTree = "<group>"; };
		785AA0CF2927D9BC00F598AE /* AddTripView.swift */ = {isa = PBXFileReference; lastKnownFileType = sourcecode.swift; path = AddTripView.swift; sourceTree = "<group>"; };
		785AA0D6292971D100F598AE /* LocationManager.swift */ = {isa = PBXFileReference; lastKnownFileType = sourcecode.swift; path = LocationManager.swift; sourceTree = "<group>"; };
		785AA0D82929776300F598AE /* Trip-Journal-Info.plist */ = {isa = PBXFileReference; lastKnownFileType = text.plist; path = "Trip-Journal-Info.plist"; sourceTree = SOURCE_ROOT; };
		785B8B7C294F528A00C505A0 /* View-CustomModifiers.swift */ = {isa = PBXFileReference; lastKnownFileType = sourcecode.swift; path = "View-CustomModifiers.swift"; sourceTree = "<group>"; };
		787855BD29129AC700D1F199 /* Trip Journal.app */ = {isa = PBXFileReference; explicitFileType = wrapper.application; includeInIndex = 0; path = "Trip Journal.app"; sourceTree = BUILT_PRODUCTS_DIR; };
		787855C029129AC700D1F199 /* Trip_JournalApp.swift */ = {isa = PBXFileReference; lastKnownFileType = sourcecode.swift; path = Trip_JournalApp.swift; sourceTree = "<group>"; };
		787855C229129AC700D1F199 /* ContentView.swift */ = {isa = PBXFileReference; lastKnownFileType = sourcecode.swift; path = ContentView.swift; sourceTree = "<group>"; };
		787855C429129AC800D1F199 /* Assets.xcassets */ = {isa = PBXFileReference; lastKnownFileType = folder.assetcatalog; path = Assets.xcassets; sourceTree = "<group>"; };
		787855C629129AC800D1F199 /* Trip_Journal.entitlements */ = {isa = PBXFileReference; lastKnownFileType = text.plist.entitlements; path = Trip_Journal.entitlements; sourceTree = "<group>"; };
		787855C829129AC800D1F199 /* Preview Assets.xcassets */ = {isa = PBXFileReference; lastKnownFileType = folder.assetcatalog; path = "Preview Assets.xcassets"; sourceTree = "<group>"; };
		787855CF29129BCC00D1F199 /* FileManager-DocumentsDirectory.swift */ = {isa = PBXFileReference; lastKnownFileType = sourcecode.swift; path = "FileManager-DocumentsDirectory.swift"; sourceTree = "<group>"; };
		787855D429129E8100D1F199 /* Step-CoreDataHelpers.swift */ = {isa = PBXFileReference; lastKnownFileType = sourcecode.swift; path = "Step-CoreDataHelpers.swift"; sourceTree = "<group>"; };
		787855DF29130C6F00D1F199 /* Trip JournalTests.xctest */ = {isa = PBXFileReference; explicitFileType = wrapper.cfbundle; includeInIndex = 0; path = "Trip JournalTests.xctest"; sourceTree = BUILT_PRODUCTS_DIR; };
		787855E129130C6F00D1F199 /* TestTripView.swift */ = {isa = PBXFileReference; lastKnownFileType = sourcecode.swift; path = TestTripView.swift; sourceTree = "<group>"; };
		787855E8291449D700D1F199 /* MapView.swift */ = {isa = PBXFileReference; lastKnownFileType = sourcecode.swift; path = MapView.swift; sourceTree = "<group>"; };
		787B3FEF29539FFF00B95DE6 /* EditLocationView.swift */ = {isa = PBXFileReference; lastKnownFileType = sourcecode.swift; path = EditLocationView.swift; sourceTree = "<group>"; };
		787B3FF12955C1B800B95DE6 /* CircleAnnotation.swift */ = {isa = PBXFileReference; lastKnownFileType = sourcecode.swift; path = CircleAnnotation.swift; sourceTree = "<group>"; };
		787B3FF52955D07000B95DE6 /* StepAnnotation.swift */ = {isa = PBXFileReference; lastKnownFileType = sourcecode.swift; path = StepAnnotation.swift; sourceTree = "<group>"; };
		7886B8D32926CC3900E2EC22 /* Main.xcdatamodel */ = {isa = PBXFileReference; lastKnownFileType = wrapper.xcdatamodel; path = Main.xcdatamodel; sourceTree = "<group>"; };
		789B15C0295B11B900031CC9 /* DebugView.swift */ = {isa = PBXFileReference; lastKnownFileType = sourcecode.swift; path = DebugView.swift; sourceTree = "<group>"; };
		789B15C2295CD5DA00031CC9 /* EventLog-CoreDataHelpers.swift */ = {isa = PBXFileReference; lastKnownFileType = sourcecode.swift; path = "EventLog-CoreDataHelpers.swift"; sourceTree = "<group>"; };
		789B15C4295CE20400031CC9 /* LocationsView.swift */ = {isa = PBXFileReference; lastKnownFileType = sourcecode.swift; path = LocationsView.swift; sourceTree = "<group>"; };
		789B15C6295CF0E600031CC9 /* Visit-CoreDataHelpers.swift */ = {isa = PBXFileReference; lastKnownFileType = sourcecode.swift; path = "Visit-CoreDataHelpers.swift"; sourceTree = "<group>"; };
		789B15C8295CF3AB00031CC9 /* VisitsView.swift */ = {isa = PBXFileReference; lastKnownFileType = sourcecode.swift; path = VisitsView.swift; sourceTree = "<group>"; };
		78AD960F295055290010F4A7 /* TripCard.swift */ = {isa = PBXFileReference; lastKnownFileType = sourcecode.swift; path = TripCard.swift; sourceTree = "<group>"; };
		78AD9611295056CA0010F4A7 /* UnwrappedImage.swift */ = {isa = PBXFileReference; lastKnownFileType = sourcecode.swift; path = UnwrappedImage.swift; sourceTree = "<group>"; };
		78AD96152951011A0010F4A7 /* TripCardOverlay.swift */ = {isa = PBXFileReference; lastKnownFileType = sourcecode.swift; path = TripCardOverlay.swift; sourceTree = "<group>"; };
		78AD9617295103B90010F4A7 /* StepCard.swift */ = {isa = PBXFileReference; lastKnownFileType = sourcecode.swift; path = StepCard.swift; sourceTree = "<group>"; };
		78AD9619295103FD0010F4A7 /* StepCardOverlay.swift */ = {isa = PBXFileReference; lastKnownFileType = sourcecode.swift; path = StepCardOverlay.swift; sourceTree = "<group>"; };
		78AD961B2952FD820010F4A7 /* Location-CoreDataHelpers.swift */ = {isa = PBXFileReference; lastKnownFileType = sourcecode.swift; path = "Location-CoreDataHelpers.swift"; sourceTree = "<group>"; };
		78CE47B22938BF60008CEDD6 /* StepView.swift */ = {isa = PBXFileReference; lastKnownFileType = sourcecode.swift; path = StepView.swift; sourceTree = "<group>"; };
		78CE47B42938C420008CEDD6 /* Binding-OnChange.swift */ = {isa = PBXFileReference; lastKnownFileType = sourcecode.swift; path = "Binding-OnChange.swift"; sourceTree = "<group>"; };
		78CE47B82938E1E6008CEDD6 /* PhotoPicker.swift */ = {isa = PBXFileReference; lastKnownFileType = sourcecode.swift; path = PhotoPicker.swift; sourceTree = "<group>"; };
		78CE47BA2938EA6F008CEDD6 /* Photo-CoreDataHelpers.swift */ = {isa = PBXFileReference; lastKnownFileType = sourcecode.swift; path = "Photo-CoreDataHelpers.swift"; sourceTree = "<group>"; };
		78CE47D9293A85F4008CEDD6 /* SearchQuery.swift */ = {isa = PBXFileReference; lastKnownFileType = sourcecode.swift; path = SearchQuery.swift; sourceTree = "<group>"; };
		78CE47DB293D37CB008CEDD6 /* PhotoLibraryService.swift */ = {isa = PBXFileReference; lastKnownFileType = sourcecode.swift; path = PhotoLibraryService.swift; sourceTree = "<group>"; };
		78D89231292B96E80013E9FE /* PlacemarksListView.swift */ = {isa = PBXFileReference; lastKnownFileType = sourcecode.swift; path = PlacemarksListView.swift; sourceTree = "<group>"; };
		78D89233292B97B30013E9FE /* CLPlacemark-Identifiable.swift */ = {isa = PBXFileReference; lastKnownFileType = sourcecode.swift; path = "CLPlacemark-Identifiable.swift"; sourceTree = "<group>"; };
		78D89235292BC4B70013E9FE /* PlacemarkHelper.swift */ = {isa = PBXFileReference; lastKnownFileType = sourcecode.swift; path = PlacemarkHelper.swift; sourceTree = "<group>"; };
		78D89239292BCE240013E9FE /* Array-RemoveDuplicates.swift */ = {isa = PBXFileReference; lastKnownFileType = sourcecode.swift; path = "Array-RemoveDuplicates.swift"; sourceTree = "<group>"; };
		78D8923F292CC5A60013E9FE /* FeatureAnnotationCardView.swift */ = {isa = PBXFileReference; lastKnownFileType = sourcecode.swift; path = FeatureAnnotationCardView.swift; sourceTree = "<group>"; };
		78D89243292D65350013E9FE /* MKPointOfInterestCategory-Symbols.swift */ = {isa = PBXFileReference; lastKnownFileType = sourcecode.swift; path = "MKPointOfInterestCategory-Symbols.swift"; sourceTree = "<group>"; };
		78D89245292EBAF00013E9FE /* TestAddStepView.swift */ = {isa = PBXFileReference; lastKnownFileType = sourcecode.swift; path = TestAddStepView.swift; sourceTree = "<group>"; };
		78D89247292EBB640013E9FE /* AddressBuilder.swift */ = {isa = PBXFileReference; lastKnownFileType = sourcecode.swift; path = AddressBuilder.swift; sourceTree = "<group>"; };
		78D89249292FF7C80013E9FE /* TestTripsView.swift */ = {isa = PBXFileReference; lastKnownFileType = sourcecode.swift; path = TestTripsView.swift; sourceTree = "<group>"; };
		78D892512930DF5D0013E9FE /* PlacemarksListViewModel.swift */ = {isa = PBXFileReference; lastKnownFileType = sourcecode.swift; path = PlacemarksListViewModel.swift; sourceTree = "<group>"; };
		78D8926B293113250013E9FE /* BaseTestCase.swift */ = {isa = PBXFileReference; lastKnownFileType = sourcecode.swift; path = BaseTestCase.swift; sourceTree = "<group>"; };
		78D8926D29311A0A0013E9FE /* TestAddTripView.swift */ = {isa = PBXFileReference; lastKnownFileType = sourcecode.swift; path = TestAddTripView.swift; sourceTree = "<group>"; };
		78D89274293173710013E9FE /* SearchResultCellViewModel.swift */ = {isa = PBXFileReference; lastKnownFileType = sourcecode.swift; path = SearchResultCellViewModel.swift; sourceTree = "<group>"; };
		78D8927629329E9D0013E9FE /* SearchResultMapViewModel.swift */ = {isa = PBXFileReference; lastKnownFileType = sourcecode.swift; path = SearchResultMapViewModel.swift; sourceTree = "<group>"; };
		78E1D2CA293FB02F00FD6AAF /* PhotoGridView.swift */ = {isa = PBXFileReference; lastKnownFileType = sourcecode.swift; path = PhotoGridView.swift; sourceTree = "<group>"; };
		78E1D2CD293FE12700FD6AAF /* JournalImage.swift */ = {isa = PBXFileReference; lastKnownFileType = sourcecode.swift; path = JournalImage.swift; sourceTree = "<group>"; };
		78E1D2D1294135C700FD6AAF /* PhotoView.swift */ = {isa = PBXFileReference; lastKnownFileType = sourcecode.swift; path = PhotoView.swift; sourceTree = "<group>"; };
		78E1D2F829452E3800FD6AAF /* TripView.swift */ = {isa = PBXFileReference; lastKnownFileType = sourcecode.swift; path = TripView.swift; sourceTree = "<group>"; };
/* End PBXFileReference section */

/* Begin PBXFrameworksBuildPhase section */
		781F747B291E73D900A0714A /* Frameworks */ = {
			isa = PBXFrameworksBuildPhase;
			buildActionMask = 2147483647;
			files = (
			);
			runOnlyForDeploymentPostprocessing = 0;
		};
		787855BA29129AC700D1F199 /* Frameworks */ = {
			isa = PBXFrameworksBuildPhase;
			buildActionMask = 2147483647;
			files = (
			);
			runOnlyForDeploymentPostprocessing = 0;
		};
		787855DC29130C6F00D1F199 /* Frameworks */ = {
			isa = PBXFrameworksBuildPhase;
			buildActionMask = 2147483647;
			files = (
			);
			runOnlyForDeploymentPostprocessing = 0;
		};
/* End PBXFrameworksBuildPhase section */

/* Begin PBXGroup section */
		781F747F291E73D900A0714A /* Trip JournalUITests */ = {
			isa = PBXGroup;
			children = (
				781F7480291E73D900A0714A /* Trip_JournalUITests.swift */,
				781F7482291E73D900A0714A /* Trip_JournalUITestsLaunchTests.swift */,
			);
			path = "Trip JournalUITests";
			sourceTree = "<group>";
		};
		781F74B02924DD1100A0714A /* Timeline */ = {
			isa = PBXGroup;
			children = (
				781F74AA2923935800A0714A /* TimelineViewModel.swift */,
				781F74A829238A5C00A0714A /* TimelineView.swift */,
			);
			path = Timeline;
			sourceTree = "<group>";
		};
		781FFB752915552D00605DAE /* Services */ = {
			isa = PBXGroup;
			children = (
				781F74B12924DF1800A0714A /* DataController.swift */,
				785AA0D6292971D100F598AE /* LocationManager.swift */,
				78CE47D9293A85F4008CEDD6 /* SearchQuery.swift */,
				78CE47DB293D37CB008CEDD6 /* PhotoLibraryService.swift */,
			);
			path = Services;
			sourceTree = "<group>";
		};
		78373267295F28F2006BD23F /* Step */ = {
			isa = PBXGroup;
			children = (
				78AD9617295103B90010F4A7 /* StepCard.swift */,
				78AD9619295103FD0010F4A7 /* StepCardOverlay.swift */,
				781FFB9D2919912600605DAE /* AddStepView.swift */,
				78CE47B22938BF60008CEDD6 /* StepView.swift */,
				781F74A62922D89500A0714A /* StepAnnotationView.swift */,
			);
			path = Step;
			sourceTree = "<group>";
		};
		785A319F293569170083C075 /* SearchResult */ = {
			isa = PBXGroup;
			children = (
				781F74A42922312C00A0714A /* SearchResultCellView.swift */,
				78D89274293173710013E9FE /* SearchResultCellViewModel.swift */,
				781F749C29203B5000A0714A /* SearchResultMapView.swift */,
				78D8927629329E9D0013E9FE /* SearchResultMapViewModel.swift */,
			);
			path = SearchResult;
			sourceTree = "<group>";
		};
		785A31A0293569380083C075 /* Annotations */ = {
			isa = PBXGroup;
			children = (
				787B3FF12955C1B800B95DE6 /* CircleAnnotation.swift */,
				787B3FF52955D07000B95DE6 /* StepAnnotation.swift */,
				78D8923F292CC5A60013E9FE /* FeatureAnnotationCardView.swift */,
			);
			path = Annotations;
			sourceTree = "<group>";
		};
		785AA0D12927E1D900F598AE /* Trips */ = {
			isa = PBXGroup;
			children = (
				785AA0CD2927D45700F598AE /* TripsView.swift */,
				78AD960F295055290010F4A7 /* TripCard.swift */,
				78AD96152951011A0010F4A7 /* TripCardOverlay.swift */,
				785AA0CF2927D9BC00F598AE /* AddTripView.swift */,
				789B15C0295B11B900031CC9 /* DebugView.swift */,
				789B15C4295CE20400031CC9 /* LocationsView.swift */,
				789B15C8295CF3AB00031CC9 /* VisitsView.swift */,
			);
			path = Trips;
			sourceTree = "<group>";
		};
		787855B429129AC700D1F199 = {
			isa = PBXGroup;
			children = (
				787855BF29129AC700D1F199 /* Trip Journal */,
				787855E029130C6F00D1F199 /* Trip JournalTests */,
				781F747F291E73D900A0714A /* Trip JournalUITests */,
				787855BE29129AC700D1F199 /* Products */,
			);
			sourceTree = "<group>";
		};
		787855BE29129AC700D1F199 /* Products */ = {
			isa = PBXGroup;
			children = (
				787855BD29129AC700D1F199 /* Trip Journal.app */,
				787855DF29130C6F00D1F199 /* Trip JournalTests.xctest */,
				781F747E291E73D900A0714A /* Trip JournalUITests.xctest */,
			);
			name = Products;
			sourceTree = "<group>";
		};
		787855BF29129AC700D1F199 /* Trip Journal */ = {
			isa = PBXGroup;
			children = (
				785AA0D82929776300F598AE /* Trip-Journal-Info.plist */,
				787855C029129AC700D1F199 /* Trip_JournalApp.swift */,
				787855D129129BD700D1F199 /* Extensions */,
				787855C229129AC700D1F199 /* ContentView.swift */,
				7886B8D22926CC3900E2EC22 /* Main.xcdatamodeld */,
				787855D629129E8B00D1F199 /* Models */,
				78D892562930EB600013E9FE /* Helpers */,
				781FFB752915552D00605DAE /* Services */,
				78E1D2CC293FB03700FD6AAF /* Photos */,
				785AA0D12927E1D900F598AE /* Trips */,
				787855D729129E9E00D1F199 /* Trip */,
				785A319F293569170083C075 /* SearchResult */,
				785A31A0293569380083C075 /* Annotations */,
				78D89271293120E60013E9FE /* UIKitViews */,
				781F74B02924DD1100A0714A /* Timeline */,
				787855C429129AC800D1F199 /* Assets.xcassets */,
				787855C629129AC800D1F199 /* Trip_Journal.entitlements */,
				787855C729129AC800D1F199 /* Preview Content */,
			);
			path = "Trip Journal";
			sourceTree = "<group>";
		};
		787855C729129AC800D1F199 /* Preview Content */ = {
			isa = PBXGroup;
			children = (
				787855C829129AC800D1F199 /* Preview Assets.xcassets */,
			);
			path = "Preview Content";
			sourceTree = "<group>";
		};
		787855D129129BD700D1F199 /* Extensions */ = {
			isa = PBXGroup;
			children = (
				787855CF29129BCC00D1F199 /* FileManager-DocumentsDirectory.swift */,
				781F74A229222BA800A0714A /* MKMapItem-Identifiable.swift */,
				78D89233292B97B30013E9FE /* CLPlacemark-Identifiable.swift */,
				787855D429129E8100D1F199 /* Step-CoreDataHelpers.swift */,
				78AD961B2952FD820010F4A7 /* Location-CoreDataHelpers.swift */,
				789B15C6295CF0E600031CC9 /* Visit-CoreDataHelpers.swift */,
				789B15C2295CD5DA00031CC9 /* EventLog-CoreDataHelpers.swift */,
				785AA0CB2927C8F900F598AE /* Trip-CoreDataHelper.swift */,
				78CE47BA2938EA6F008CEDD6 /* Photo-CoreDataHelpers.swift */,
				78D89239292BCE240013E9FE /* Array-RemoveDuplicates.swift */,
				78D89243292D65350013E9FE /* MKPointOfInterestCategory-Symbols.swift */,
				78CE47B42938C420008CEDD6 /* Binding-OnChange.swift */,
				785B8B7C294F528A00C505A0 /* View-CustomModifiers.swift */,
			);
			path = Extensions;
			sourceTree = "<group>";
		};
		787855D629129E8B00D1F199 /* Models */ = {
			isa = PBXGroup;
			children = (
				781F74A029203F7E00A0714A /* AnnotationItem.swift */,
			);
			path = Models;
			sourceTree = "<group>";
		};
		787855D729129E9E00D1F199 /* Trip */ = {
			isa = PBXGroup;
			children = (
				78E1D2F829452E3800FD6AAF /* TripView.swift */,
				78373265295F2871006BD23F /* TripMap.swift */,
				78373261295E37BD006BD23F /* TripTitleCard.swift */,
				78373263295E37DE006BD23F /* TripTitleCardOverlay.swift */,
				787B3FEF29539FFF00B95DE6 /* EditLocationView.swift */,
				78373267295F28F2006BD23F /* Step */,
				78D892532930E1310013E9FE /* Archive */,
			);
			path = Trip;
			sourceTree = "<group>";
		};
		787855E029130C6F00D1F199 /* Trip JournalTests */ = {
			isa = PBXGroup;
			children = (
				78D8926B293113250013E9FE /* BaseTestCase.swift */,
				78D892782932A2D20013E9FE /* TestTrips */,
				78D892792932A2F10013E9FE /* TestTrip */,
				781FFB782915567600605DAE /* TestFileManagerExtension.swift */,
			);
			path = "Trip JournalTests";
			sourceTree = "<group>";
		};
		78D892532930E1310013E9FE /* Archive */ = {
			isa = PBXGroup;
			children = (
				78D89231292B96E80013E9FE /* PlacemarksListView.swift */,
				78D892512930DF5D0013E9FE /* PlacemarksListViewModel.swift */,
			);
			path = Archive;
			sourceTree = "<group>";
		};
		78D892562930EB600013E9FE /* Helpers */ = {
			isa = PBXGroup;
			children = (
				78D89247292EBB640013E9FE /* AddressBuilder.swift */,
				78D89235292BC4B70013E9FE /* PlacemarkHelper.swift */,
				781F74AC2924433000A0714A /* CalendarRange.swift */,
			);
			path = Helpers;
			sourceTree = "<group>";
		};
		78D89271293120E60013E9FE /* UIKitViews */ = {
			isa = PBXGroup;
			children = (
				787855E8291449D700D1F199 /* MapView.swift */,
				78CE47B82938E1E6008CEDD6 /* PhotoPicker.swift */,
			);
			path = UIKitViews;
			sourceTree = "<group>";
		};
		78D892782932A2D20013E9FE /* TestTrips */ = {
			isa = PBXGroup;
			children = (
				78D89249292FF7C80013E9FE /* TestTripsView.swift */,
				78D8926D29311A0A0013E9FE /* TestAddTripView.swift */,
			);
			path = TestTrips;
			sourceTree = "<group>";
		};
		78D892792932A2F10013E9FE /* TestTrip */ = {
			isa = PBXGroup;
			children = (
				787855E129130C6F00D1F199 /* TestTripView.swift */,
				78D89245292EBAF00013E9FE /* TestAddStepView.swift */,
			);
			path = TestTrip;
			sourceTree = "<group>";
		};
		78E1D2CC293FB03700FD6AAF /* Photos */ = {
			isa = PBXGroup;
			children = (
				78E1D2CA293FB02F00FD6AAF /* PhotoGridView.swift */,
				78E1D2CD293FE12700FD6AAF /* JournalImage.swift */,
				78AD9611295056CA0010F4A7 /* UnwrappedImage.swift */,
				78E1D2D1294135C700FD6AAF /* PhotoView.swift */,
			);
			path = Photos;
			sourceTree = "<group>";
		};
/* End PBXGroup section */

/* Begin PBXNativeTarget section */
		781F747D291E73D900A0714A /* Trip JournalUITests */ = {
			isa = PBXNativeTarget;
			buildConfigurationList = 781F7486291E73D900A0714A /* Build configuration list for PBXNativeTarget "Trip JournalUITests" */;
			buildPhases = (
				781F747A291E73D900A0714A /* Sources */,
				781F747B291E73D900A0714A /* Frameworks */,
				781F747C291E73D900A0714A /* Resources */,
			);
			buildRules = (
			);
			dependencies = (
				781F7485291E73D900A0714A /* PBXTargetDependency */,
			);
			name = "Trip JournalUITests";
			productName = "Trip JournalUITests";
			productReference = 781F747E291E73D900A0714A /* Trip JournalUITests.xctest */;
			productType = "com.apple.product-type.bundle.ui-testing";
		};
		787855BC29129AC700D1F199 /* Trip Journal */ = {
			isa = PBXNativeTarget;
			buildConfigurationList = 787855CC29129AC800D1F199 /* Build configuration list for PBXNativeTarget "Trip Journal" */;
			buildPhases = (
				787855B929129AC700D1F199 /* Sources */,
				787855BA29129AC700D1F199 /* Frameworks */,
				787855BB29129AC700D1F199 /* Resources */,
			);
			buildRules = (
			);
			dependencies = (
			);
			name = "Trip Journal";
			productName = "Trip Journal";
			productReference = 787855BD29129AC700D1F199 /* Trip Journal.app */;
			productType = "com.apple.product-type.application";
		};
		787855DE29130C6F00D1F199 /* Trip JournalTests */ = {
			isa = PBXNativeTarget;
			buildConfigurationList = 787855E529130C6F00D1F199 /* Build configuration list for PBXNativeTarget "Trip JournalTests" */;
			buildPhases = (
				787855DB29130C6F00D1F199 /* Sources */,
				787855DC29130C6F00D1F199 /* Frameworks */,
				787855DD29130C6F00D1F199 /* Resources */,
			);
			buildRules = (
			);
			dependencies = (
				787855E429130C6F00D1F199 /* PBXTargetDependency */,
			);
			name = "Trip JournalTests";
			productName = "Trip JournalTests";
			productReference = 787855DF29130C6F00D1F199 /* Trip JournalTests.xctest */;
			productType = "com.apple.product-type.bundle.unit-test";
		};
/* End PBXNativeTarget section */

/* Begin PBXProject section */
		787855B529129AC700D1F199 /* Project object */ = {
			isa = PBXProject;
			attributes = {
				BuildIndependentTargetsInParallel = 1;
				LastSwiftUpdateCheck = 1410;
				LastUpgradeCheck = 1410;
				TargetAttributes = {
					781F747D291E73D900A0714A = {
						CreatedOnToolsVersion = 14.1;
						TestTargetID = 787855BC29129AC700D1F199;
					};
					787855BC29129AC700D1F199 = {
						CreatedOnToolsVersion = 14.0.1;
					};
					787855DE29130C6F00D1F199 = {
						CreatedOnToolsVersion = 14.0.1;
						TestTargetID = 787855BC29129AC700D1F199;
					};
				};
			};
			buildConfigurationList = 787855B829129AC700D1F199 /* Build configuration list for PBXProject "Trip Journal" */;
			compatibilityVersion = "Xcode 14.0";
			developmentRegion = en;
			hasScannedForEncodings = 0;
			knownRegions = (
				en,
				Base,
			);
			mainGroup = 787855B429129AC700D1F199;
			productRefGroup = 787855BE29129AC700D1F199 /* Products */;
			projectDirPath = "";
			projectRoot = "";
			targets = (
				787855BC29129AC700D1F199 /* Trip Journal */,
				787855DE29130C6F00D1F199 /* Trip JournalTests */,
				781F747D291E73D900A0714A /* Trip JournalUITests */,
			);
		};
/* End PBXProject section */

/* Begin PBXResourcesBuildPhase section */
		781F747C291E73D900A0714A /* Resources */ = {
			isa = PBXResourcesBuildPhase;
			buildActionMask = 2147483647;
			files = (
			);
			runOnlyForDeploymentPostprocessing = 0;
		};
		787855BB29129AC700D1F199 /* Resources */ = {
			isa = PBXResourcesBuildPhase;
			buildActionMask = 2147483647;
			files = (
				787855C929129AC800D1F199 /* Preview Assets.xcassets in Resources */,
				787855C529129AC800D1F199 /* Assets.xcassets in Resources */,
			);
			runOnlyForDeploymentPostprocessing = 0;
		};
		787855DD29130C6F00D1F199 /* Resources */ = {
			isa = PBXResourcesBuildPhase;
			buildActionMask = 2147483647;
			files = (
			);
			runOnlyForDeploymentPostprocessing = 0;
		};
/* End PBXResourcesBuildPhase section */

/* Begin PBXSourcesBuildPhase section */
		781F747A291E73D900A0714A /* Sources */ = {
			isa = PBXSourcesBuildPhase;
			buildActionMask = 2147483647;
			files = (
				781F7481291E73D900A0714A /* Trip_JournalUITests.swift in Sources */,
				781F7483291E73D900A0714A /* Trip_JournalUITestsLaunchTests.swift in Sources */,
			);
			runOnlyForDeploymentPostprocessing = 0;
		};
		787855B929129AC700D1F199 /* Sources */ = {
			isa = PBXSourcesBuildPhase;
			buildActionMask = 2147483647;
			files = (
				781F74B22924DF1800A0714A /* DataController.swift in Sources */,
				789B15C3295CD5DA00031CC9 /* EventLog-CoreDataHelpers.swift in Sources */,
				789B15C7295CF0E600031CC9 /* Visit-CoreDataHelpers.swift in Sources */,
				787B3FF22955C1B800B95DE6 /* CircleAnnotation.swift in Sources */,
				787B3FF62955D07000B95DE6 /* StepAnnotation.swift in Sources */,
				787B3FF029539FFF00B95DE6 /* EditLocationView.swift in Sources */,
				78E1D2CB293FB02F00FD6AAF /* PhotoGridView.swift in Sources */,
				78CE47B52938C420008CEDD6 /* Binding-OnChange.swift in Sources */,
				78D89232292B96E80013E9FE /* PlacemarksListView.swift in Sources */,
				78D892522930DF5D0013E9FE /* PlacemarksListViewModel.swift in Sources */,
				78CE47DA293A85F4008CEDD6 /* SearchQuery.swift in Sources */,
				787855D029129BCC00D1F199 /* FileManager-DocumentsDirectory.swift in Sources */,
				78E1D2D2294135C700FD6AAF /* PhotoView.swift in Sources */,
				785AA0CE2927D45700F598AE /* TripsView.swift in Sources */,
				789B15C1295B11B900031CC9 /* DebugView.swift in Sources */,
				78AD961C2952FD820010F4A7 /* Location-CoreDataHelpers.swift in Sources */,
				78AD961A295103FD0010F4A7 /* StepCardOverlay.swift in Sources */,
				78D89234292B97B30013E9FE /* CLPlacemark-Identifiable.swift in Sources */,
				787855E9291449D700D1F199 /* MapView.swift in Sources */,
				78D89236292BC4B70013E9FE /* PlacemarkHelper.swift in Sources */,
				78373264295E37DE006BD23F /* TripTitleCardOverlay.swift in Sources */,
				78CE47DC293D37CB008CEDD6 /* PhotoLibraryService.swift in Sources */,
				787855D529129E8100D1F199 /* Step-CoreDataHelpers.swift in Sources */,
				78AD96162951011A0010F4A7 /* TripCardOverlay.swift in Sources */,
				78D8927729329E9D0013E9FE /* SearchResultMapViewModel.swift in Sources */,
				78D89248292EBB640013E9FE /* AddressBuilder.swift in Sources */,
				78CE47BB2938EA6F008CEDD6 /* Photo-CoreDataHelpers.swift in Sources */,
				781F74A52922312C00A0714A /* SearchResultCellView.swift in Sources */,
				781F74A72922D89500A0714A /* StepAnnotationView.swift in Sources */,
				781F74A929238A5C00A0714A /* TimelineView.swift in Sources */,
				785AA0D7292971D100F598AE /* LocationManager.swift in Sources */,
				78E1D2F929452E3800FD6AAF /* TripView.swift in Sources */,
				78D89244292D65350013E9FE /* MKPointOfInterestCategory-Symbols.swift in Sources */,
				78373266295F2871006BD23F /* TripMap.swift in Sources */,
				78AD9610295055290010F4A7 /* TripCard.swift in Sources */,
				781F74AB2923935800A0714A /* TimelineViewModel.swift in Sources */,
				785AA0D02927D9BC00F598AE /* AddTripView.swift in Sources */,
				78AD9618295103B90010F4A7 /* StepCard.swift in Sources */,
				785AA0CC2927C8F900F598AE /* Trip-CoreDataHelper.swift in Sources */,
				78E1D2CE293FE12700FD6AAF /* JournalImage.swift in Sources */,
				787855C329129AC700D1F199 /* ContentView.swift in Sources */,
				789B15C5295CE20400031CC9 /* LocationsView.swift in Sources */,
				785B8B7D294F528A00C505A0 /* View-CustomModifiers.swift in Sources */,
				78373262295E37BD006BD23F /* TripTitleCard.swift in Sources */,
				78CE47B32938BF60008CEDD6 /* StepView.swift in Sources */,
				78D8923A292BCE240013E9FE /* Array-RemoveDuplicates.swift in Sources */,
				78D89240292CC5A60013E9FE /* FeatureAnnotationCardView.swift in Sources */,
				781F749D29203B5000A0714A /* SearchResultMapView.swift in Sources */,
				781F74AD2924433000A0714A /* CalendarRange.swift in Sources */,
				787855C129129AC700D1F199 /* Trip_JournalApp.swift in Sources */,
				78CE47B92938E1E6008CEDD6 /* PhotoPicker.swift in Sources */,
				78D89275293173710013E9FE /* SearchResultCellViewModel.swift in Sources */,
				781FFB9E2919912600605DAE /* AddStepView.swift in Sources */,
				78AD9612295056CA0010F4A7 /* UnwrappedImage.swift in Sources */,
				789B15C9295CF3AB00031CC9 /* VisitsView.swift in Sources */,
				781F74A129203F7E00A0714A /* AnnotationItem.swift in Sources */,
				7886B8D42926CC3900E2EC22 /* Main.xcdatamodeld in Sources */,
				781F74A329222BA800A0714A /* MKMapItem-Identifiable.swift in Sources */,
			);
			runOnlyForDeploymentPostprocessing = 0;
		};
		787855DB29130C6F00D1F199 /* Sources */ = {
			isa = PBXSourcesBuildPhase;
			buildActionMask = 2147483647;
			files = (
				787855E229130C6F00D1F199 /* TestTripView.swift in Sources */,
				78D8926E29311A0A0013E9FE /* TestAddTripView.swift in Sources */,
				78D89246292EBAF00013E9FE /* TestAddStepView.swift in Sources */,
				78D8926C293113250013E9FE /* BaseTestCase.swift in Sources */,
				78D8924A292FF7C80013E9FE /* TestTripsView.swift in Sources */,
				781FFB792915567600605DAE /* TestFileManagerExtension.swift in Sources */,
			);
			runOnlyForDeploymentPostprocessing = 0;
		};
/* End PBXSourcesBuildPhase section */

/* Begin PBXTargetDependency section */
		781F7485291E73D900A0714A /* PBXTargetDependency */ = {
			isa = PBXTargetDependency;
			target = 787855BC29129AC700D1F199 /* Trip Journal */;
			targetProxy = 781F7484291E73D900A0714A /* PBXContainerItemProxy */;
		};
		787855E429130C6F00D1F199 /* PBXTargetDependency */ = {
			isa = PBXTargetDependency;
			target = 787855BC29129AC700D1F199 /* Trip Journal */;
			targetProxy = 787855E329130C6F00D1F199 /* PBXContainerItemProxy */;
		};
/* End PBXTargetDependency section */

/* Begin XCBuildConfiguration section */
		781F7487291E73D900A0714A /* Debug */ = {
			isa = XCBuildConfiguration;
			buildSettings = {
				CODE_SIGN_STYLE = Automatic;
				CURRENT_PROJECT_VERSION = 1;
				DEVELOPMENT_TEAM = UJT6W9JA72;
				GENERATE_INFOPLIST_FILE = YES;
				IPHONEOS_DEPLOYMENT_TARGET = 16.1;
				MARKETING_VERSION = 1.0;
				PRODUCT_BUNDLE_IDENTIFIER = "com.jillallan.Trip-JournalUITests";
				PRODUCT_NAME = "$(TARGET_NAME)";
				SDKROOT = iphoneos;
				SWIFT_EMIT_LOC_STRINGS = NO;
				SWIFT_VERSION = 5.0;
				TARGETED_DEVICE_FAMILY = "1,2";
				TEST_TARGET_NAME = "Trip Journal";
			};
			name = Debug;
		};
		781F7488291E73D900A0714A /* Release */ = {
			isa = XCBuildConfiguration;
			buildSettings = {
				CODE_SIGN_STYLE = Automatic;
				CURRENT_PROJECT_VERSION = 1;
				DEVELOPMENT_TEAM = UJT6W9JA72;
				GENERATE_INFOPLIST_FILE = YES;
				IPHONEOS_DEPLOYMENT_TARGET = 16.1;
				MARKETING_VERSION = 1.0;
				PRODUCT_BUNDLE_IDENTIFIER = "com.jillallan.Trip-JournalUITests";
				PRODUCT_NAME = "$(TARGET_NAME)";
				SDKROOT = iphoneos;
				SWIFT_EMIT_LOC_STRINGS = NO;
				SWIFT_VERSION = 5.0;
				TARGETED_DEVICE_FAMILY = "1,2";
				TEST_TARGET_NAME = "Trip Journal";
				VALIDATE_PRODUCT = YES;
			};
			name = Release;
		};
		787855CA29129AC800D1F199 /* Debug */ = {
			isa = XCBuildConfiguration;
			buildSettings = {
				ALWAYS_SEARCH_USER_PATHS = NO;
				CLANG_ANALYZER_NONNULL = YES;
				CLANG_ANALYZER_NUMBER_OBJECT_CONVERSION = YES_AGGRESSIVE;
				CLANG_CXX_LANGUAGE_STANDARD = "gnu++20";
				CLANG_ENABLE_MODULES = YES;
				CLANG_ENABLE_OBJC_ARC = YES;
				CLANG_ENABLE_OBJC_WEAK = YES;
				CLANG_WARN_BLOCK_CAPTURE_AUTORELEASING = YES;
				CLANG_WARN_BOOL_CONVERSION = YES;
				CLANG_WARN_COMMA = YES;
				CLANG_WARN_CONSTANT_CONVERSION = YES;
				CLANG_WARN_DEPRECATED_OBJC_IMPLEMENTATIONS = YES;
				CLANG_WARN_DIRECT_OBJC_ISA_USAGE = YES_ERROR;
				CLANG_WARN_DOCUMENTATION_COMMENTS = YES;
				CLANG_WARN_EMPTY_BODY = YES;
				CLANG_WARN_ENUM_CONVERSION = YES;
				CLANG_WARN_INFINITE_RECURSION = YES;
				CLANG_WARN_INT_CONVERSION = YES;
				CLANG_WARN_NON_LITERAL_NULL_CONVERSION = YES;
				CLANG_WARN_OBJC_IMPLICIT_RETAIN_SELF = YES;
				CLANG_WARN_OBJC_LITERAL_CONVERSION = YES;
				CLANG_WARN_OBJC_ROOT_CLASS = YES_ERROR;
				CLANG_WARN_QUOTED_INCLUDE_IN_FRAMEWORK_HEADER = YES;
				CLANG_WARN_RANGE_LOOP_ANALYSIS = YES;
				CLANG_WARN_STRICT_PROTOTYPES = YES;
				CLANG_WARN_SUSPICIOUS_MOVE = YES;
				CLANG_WARN_UNGUARDED_AVAILABILITY = YES_AGGRESSIVE;
				CLANG_WARN_UNREACHABLE_CODE = YES;
				CLANG_WARN__DUPLICATE_METHOD_MATCH = YES;
				COPY_PHASE_STRIP = NO;
				DEAD_CODE_STRIPPING = YES;
				DEBUG_INFORMATION_FORMAT = dwarf;
				ENABLE_STRICT_OBJC_MSGSEND = YES;
				ENABLE_TESTABILITY = YES;
				GCC_C_LANGUAGE_STANDARD = gnu11;
				GCC_DYNAMIC_NO_PIC = NO;
				GCC_NO_COMMON_BLOCKS = YES;
				GCC_OPTIMIZATION_LEVEL = 0;
				GCC_PREPROCESSOR_DEFINITIONS = (
					"DEBUG=1",
					"$(inherited)",
				);
				GCC_WARN_64_TO_32_BIT_CONVERSION = YES;
				GCC_WARN_ABOUT_RETURN_TYPE = YES_ERROR;
				GCC_WARN_UNDECLARED_SELECTOR = YES;
				GCC_WARN_UNINITIALIZED_AUTOS = YES_AGGRESSIVE;
				GCC_WARN_UNUSED_FUNCTION = YES;
				GCC_WARN_UNUSED_VARIABLE = YES;
				MTL_ENABLE_DEBUG_INFO = INCLUDE_SOURCE;
				MTL_FAST_MATH = YES;
				ONLY_ACTIVE_ARCH = YES;
				SWIFT_ACTIVE_COMPILATION_CONDITIONS = DEBUG;
				SWIFT_OPTIMIZATION_LEVEL = "-Onone";
			};
			name = Debug;
		};
		787855CB29129AC800D1F199 /* Release */ = {
			isa = XCBuildConfiguration;
			buildSettings = {
				ALWAYS_SEARCH_USER_PATHS = NO;
				CLANG_ANALYZER_NONNULL = YES;
				CLANG_ANALYZER_NUMBER_OBJECT_CONVERSION = YES_AGGRESSIVE;
				CLANG_CXX_LANGUAGE_STANDARD = "gnu++20";
				CLANG_ENABLE_MODULES = YES;
				CLANG_ENABLE_OBJC_ARC = YES;
				CLANG_ENABLE_OBJC_WEAK = YES;
				CLANG_WARN_BLOCK_CAPTURE_AUTORELEASING = YES;
				CLANG_WARN_BOOL_CONVERSION = YES;
				CLANG_WARN_COMMA = YES;
				CLANG_WARN_CONSTANT_CONVERSION = YES;
				CLANG_WARN_DEPRECATED_OBJC_IMPLEMENTATIONS = YES;
				CLANG_WARN_DIRECT_OBJC_ISA_USAGE = YES_ERROR;
				CLANG_WARN_DOCUMENTATION_COMMENTS = YES;
				CLANG_WARN_EMPTY_BODY = YES;
				CLANG_WARN_ENUM_CONVERSION = YES;
				CLANG_WARN_INFINITE_RECURSION = YES;
				CLANG_WARN_INT_CONVERSION = YES;
				CLANG_WARN_NON_LITERAL_NULL_CONVERSION = YES;
				CLANG_WARN_OBJC_IMPLICIT_RETAIN_SELF = YES;
				CLANG_WARN_OBJC_LITERAL_CONVERSION = YES;
				CLANG_WARN_OBJC_ROOT_CLASS = YES_ERROR;
				CLANG_WARN_QUOTED_INCLUDE_IN_FRAMEWORK_HEADER = YES;
				CLANG_WARN_RANGE_LOOP_ANALYSIS = YES;
				CLANG_WARN_STRICT_PROTOTYPES = YES;
				CLANG_WARN_SUSPICIOUS_MOVE = YES;
				CLANG_WARN_UNGUARDED_AVAILABILITY = YES_AGGRESSIVE;
				CLANG_WARN_UNREACHABLE_CODE = YES;
				CLANG_WARN__DUPLICATE_METHOD_MATCH = YES;
				COPY_PHASE_STRIP = NO;
				DEAD_CODE_STRIPPING = YES;
				DEBUG_INFORMATION_FORMAT = "dwarf-with-dsym";
				ENABLE_NS_ASSERTIONS = NO;
				ENABLE_STRICT_OBJC_MSGSEND = YES;
				GCC_C_LANGUAGE_STANDARD = gnu11;
				GCC_NO_COMMON_BLOCKS = YES;
				GCC_WARN_64_TO_32_BIT_CONVERSION = YES;
				GCC_WARN_ABOUT_RETURN_TYPE = YES_ERROR;
				GCC_WARN_UNDECLARED_SELECTOR = YES;
				GCC_WARN_UNINITIALIZED_AUTOS = YES_AGGRESSIVE;
				GCC_WARN_UNUSED_FUNCTION = YES;
				GCC_WARN_UNUSED_VARIABLE = YES;
				MTL_ENABLE_DEBUG_INFO = NO;
				MTL_FAST_MATH = YES;
				SWIFT_COMPILATION_MODE = wholemodule;
				SWIFT_OPTIMIZATION_LEVEL = "-O";
			};
			name = Release;
		};
		787855CD29129AC800D1F199 /* Debug */ = {
			isa = XCBuildConfiguration;
			buildSettings = {
				ASSETCATALOG_COMPILER_APPICON_NAME = AppIcon;
				ASSETCATALOG_COMPILER_GLOBAL_ACCENT_COLOR_NAME = AccentColor;
				CODE_SIGN_ENTITLEMENTS = "Trip Journal/Trip_Journal.entitlements";
				CODE_SIGN_IDENTITY = "-";
				"CODE_SIGN_IDENTITY[sdk=iphoneos*]" = "Apple Development";
				CODE_SIGN_STYLE = Automatic;
				CURRENT_PROJECT_VERSION = 1;
				DEAD_CODE_STRIPPING = YES;
				DEVELOPMENT_ASSET_PATHS = "\"Trip Journal/Preview Content\"";
				DEVELOPMENT_TEAM = UJT6W9JA72;
				ENABLE_HARDENED_RUNTIME = YES;
				ENABLE_PREVIEWS = YES;
				GENERATE_INFOPLIST_FILE = YES;
				INFOPLIST_FILE = "Trip-Journal-Info.plist";
				INFOPLIST_KEY_NSLocationAlwaysAndWhenInUseUsageDescription = "\"We need the location so we can automatically track your trip for you";
				INFOPLIST_KEY_NSLocationWhenInUseUsageDescription = "\"We need the location so we can automatically track your trip for you";
				INFOPLIST_KEY_NSPhotoLibraryUsageDescription = "We need access to your library to show your selected photos in our app";
				"INFOPLIST_KEY_UIApplicationSceneManifest_Generation[sdk=iphoneos*]" = YES;
				"INFOPLIST_KEY_UIApplicationSceneManifest_Generation[sdk=iphonesimulator*]" = YES;
				"INFOPLIST_KEY_UIApplicationSupportsIndirectInputEvents[sdk=iphoneos*]" = YES;
				"INFOPLIST_KEY_UIApplicationSupportsIndirectInputEvents[sdk=iphonesimulator*]" = YES;
				"INFOPLIST_KEY_UILaunchScreen_Generation[sdk=iphoneos*]" = YES;
				"INFOPLIST_KEY_UILaunchScreen_Generation[sdk=iphonesimulator*]" = YES;
				"INFOPLIST_KEY_UIStatusBarStyle[sdk=iphoneos*]" = UIStatusBarStyleDefault;
				"INFOPLIST_KEY_UIStatusBarStyle[sdk=iphonesimulator*]" = UIStatusBarStyleDefault;
				INFOPLIST_KEY_UISupportedInterfaceOrientations_iPad = "UIInterfaceOrientationPortrait UIInterfaceOrientationPortraitUpsideDown UIInterfaceOrientationLandscapeLeft UIInterfaceOrientationLandscapeRight";
				INFOPLIST_KEY_UISupportedInterfaceOrientations_iPhone = "UIInterfaceOrientationPortrait UIInterfaceOrientationLandscapeLeft UIInterfaceOrientationLandscapeRight";
				IPHONEOS_DEPLOYMENT_TARGET = 16.0;
				LD_RUNPATH_SEARCH_PATHS = "@executable_path/Frameworks";
				"LD_RUNPATH_SEARCH_PATHS[sdk=macosx*]" = "@executable_path/../Frameworks";
				MACOSX_DEPLOYMENT_TARGET = 12.3;
				MARKETING_VERSION = 1.0;
				PRODUCT_BUNDLE_IDENTIFIER = "com.jillallan.Trip-Journal";
				PRODUCT_NAME = "$(TARGET_NAME)";
				SDKROOT = auto;
				SUPPORTED_PLATFORMS = "iphoneos iphonesimulator macosx";
				SWIFT_EMIT_LOC_STRINGS = YES;
				SWIFT_VERSION = 5.0;
				TARGETED_DEVICE_FAMILY = "1,2";
			};
			name = Debug;
		};
		787855CE29129AC800D1F199 /* Release */ = {
			isa = XCBuildConfiguration;
			buildSettings = {
				ASSETCATALOG_COMPILER_APPICON_NAME = AppIcon;
				ASSETCATALOG_COMPILER_GLOBAL_ACCENT_COLOR_NAME = AccentColor;
				CODE_SIGN_ENTITLEMENTS = "Trip Journal/Trip_Journal.entitlements";
				CODE_SIGN_IDENTITY = "-";
				"CODE_SIGN_IDENTITY[sdk=iphoneos*]" = "Apple Development";
				CODE_SIGN_STYLE = Automatic;
				CURRENT_PROJECT_VERSION = 1;
				DEAD_CODE_STRIPPING = YES;
				DEVELOPMENT_ASSET_PATHS = "\"Trip Journal/Preview Content\"";
				DEVELOPMENT_TEAM = UJT6W9JA72;
				ENABLE_HARDENED_RUNTIME = YES;
				ENABLE_PREVIEWS = YES;
				GENERATE_INFOPLIST_FILE = YES;
				INFOPLIST_FILE = "Trip-Journal-Info.plist";
				INFOPLIST_KEY_NSLocationAlwaysAndWhenInUseUsageDescription = "\"We need the location so we can automatically track your trip for you";
				INFOPLIST_KEY_NSLocationWhenInUseUsageDescription = "\"We need the location so we can automatically track your trip for you";
				INFOPLIST_KEY_NSPhotoLibraryUsageDescription = "We need access to your library to show your selected photos in our app";
				"INFOPLIST_KEY_UIApplicationSceneManifest_Generation[sdk=iphoneos*]" = YES;
				"INFOPLIST_KEY_UIApplicationSceneManifest_Generation[sdk=iphonesimulator*]" = YES;
				"INFOPLIST_KEY_UIApplicationSupportsIndirectInputEvents[sdk=iphoneos*]" = YES;
				"INFOPLIST_KEY_UIApplicationSupportsIndirectInputEvents[sdk=iphonesimulator*]" = YES;
				"INFOPLIST_KEY_UILaunchScreen_Generation[sdk=iphoneos*]" = YES;
				"INFOPLIST_KEY_UILaunchScreen_Generation[sdk=iphonesimulator*]" = YES;
				"INFOPLIST_KEY_UIStatusBarStyle[sdk=iphoneos*]" = UIStatusBarStyleDefault;
				"INFOPLIST_KEY_UIStatusBarStyle[sdk=iphonesimulator*]" = UIStatusBarStyleDefault;
				INFOPLIST_KEY_UISupportedInterfaceOrientations_iPad = "UIInterfaceOrientationPortrait UIInterfaceOrientationPortraitUpsideDown UIInterfaceOrientationLandscapeLeft UIInterfaceOrientationLandscapeRight";
				INFOPLIST_KEY_UISupportedInterfaceOrientations_iPhone = "UIInterfaceOrientationPortrait UIInterfaceOrientationLandscapeLeft UIInterfaceOrientationLandscapeRight";
				IPHONEOS_DEPLOYMENT_TARGET = 16.0;
				LD_RUNPATH_SEARCH_PATHS = "@executable_path/Frameworks";
				"LD_RUNPATH_SEARCH_PATHS[sdk=macosx*]" = "@executable_path/../Frameworks";
				MACOSX_DEPLOYMENT_TARGET = 12.3;
				MARKETING_VERSION = 1.0;
				PRODUCT_BUNDLE_IDENTIFIER = "com.jillallan.Trip-Journal";
				PRODUCT_NAME = "$(TARGET_NAME)";
				SDKROOT = auto;
				SUPPORTED_PLATFORMS = "iphoneos iphonesimulator macosx";
				SWIFT_EMIT_LOC_STRINGS = YES;
				SWIFT_VERSION = 5.0;
				TARGETED_DEVICE_FAMILY = "1,2";
			};
			name = Release;
		};
		787855E629130C6F00D1F199 /* Debug */ = {
			isa = XCBuildConfiguration;
			buildSettings = {
				BUNDLE_LOADER = "$(TEST_HOST)";
				CODE_SIGN_STYLE = Automatic;
				CURRENT_PROJECT_VERSION = 1;
				DEVELOPMENT_TEAM = UJT6W9JA72;
				GENERATE_INFOPLIST_FILE = YES;
				IPHONEOS_DEPLOYMENT_TARGET = 16.0;
				MARKETING_VERSION = 1.0;
				PRODUCT_BUNDLE_IDENTIFIER = "com.jillallan.Trip-JournalTests";
				PRODUCT_NAME = "$(TARGET_NAME)";
				SDKROOT = iphoneos;
				SWIFT_EMIT_LOC_STRINGS = NO;
				SWIFT_VERSION = 5.0;
				TARGETED_DEVICE_FAMILY = "1,2";
				TEST_HOST = "$(BUILT_PRODUCTS_DIR)/Trip Journal.app/$(BUNDLE_EXECUTABLE_FOLDER_PATH)/Trip Journal";
			};
			name = Debug;
		};
		787855E729130C6F00D1F199 /* Release */ = {
			isa = XCBuildConfiguration;
			buildSettings = {
				BUNDLE_LOADER = "$(TEST_HOST)";
				CODE_SIGN_STYLE = Automatic;
				CURRENT_PROJECT_VERSION = 1;
				DEVELOPMENT_TEAM = UJT6W9JA72;
				GENERATE_INFOPLIST_FILE = YES;
				IPHONEOS_DEPLOYMENT_TARGET = 16.0;
				MARKETING_VERSION = 1.0;
				PRODUCT_BUNDLE_IDENTIFIER = "com.jillallan.Trip-JournalTests";
				PRODUCT_NAME = "$(TARGET_NAME)";
				SDKROOT = iphoneos;
				SWIFT_EMIT_LOC_STRINGS = NO;
				SWIFT_VERSION = 5.0;
				TARGETED_DEVICE_FAMILY = "1,2";
				TEST_HOST = "$(BUILT_PRODUCTS_DIR)/Trip Journal.app/$(BUNDLE_EXECUTABLE_FOLDER_PATH)/Trip Journal";
				VALIDATE_PRODUCT = YES;
			};
			name = Release;
		};
/* End XCBuildConfiguration section */

/* Begin XCConfigurationList section */
		781F7486291E73D900A0714A /* Build configuration list for PBXNativeTarget "Trip JournalUITests" */ = {
			isa = XCConfigurationList;
			buildConfigurations = (
				781F7487291E73D900A0714A /* Debug */,
				781F7488291E73D900A0714A /* Release */,
			);
			defaultConfigurationIsVisible = 0;
			defaultConfigurationName = Release;
		};
		787855B829129AC700D1F199 /* Build configuration list for PBXProject "Trip Journal" */ = {
			isa = XCConfigurationList;
			buildConfigurations = (
				787855CA29129AC800D1F199 /* Debug */,
				787855CB29129AC800D1F199 /* Release */,
			);
			defaultConfigurationIsVisible = 0;
			defaultConfigurationName = Release;
		};
		787855CC29129AC800D1F199 /* Build configuration list for PBXNativeTarget "Trip Journal" */ = {
			isa = XCConfigurationList;
			buildConfigurations = (
				787855CD29129AC800D1F199 /* Debug */,
				787855CE29129AC800D1F199 /* Release */,
			);
			defaultConfigurationIsVisible = 0;
			defaultConfigurationName = Release;
		};
		787855E529130C6F00D1F199 /* Build configuration list for PBXNativeTarget "Trip JournalTests" */ = {
			isa = XCConfigurationList;
			buildConfigurations = (
				787855E629130C6F00D1F199 /* Debug */,
				787855E729130C6F00D1F199 /* Release */,
			);
			defaultConfigurationIsVisible = 0;
			defaultConfigurationName = Release;
		};
/* End XCConfigurationList section */

/* Begin XCVersionGroup section */
		7886B8D22926CC3900E2EC22 /* Main.xcdatamodeld */ = {
			isa = XCVersionGroup;
			children = (
				7886B8D32926CC3900E2EC22 /* Main.xcdatamodel */,
			);
			currentVersion = 7886B8D32926CC3900E2EC22 /* Main.xcdatamodel */;
			path = Main.xcdatamodeld;
			sourceTree = "<group>";
			versionGroupType = wrapper.xcdatamodel;
		};
/* End XCVersionGroup section */
	};
	rootObject = 787855B529129AC700D1F199 /* Project object */;
}
